
Microsoft Visual Studio Solution File, Format Version 12.00
# Visual Studio Version 17
VisualStudioVersion = 17.3.32929.385
MinimumVisualStudioVersion = 10.0.40219.1
Project("{FAE04EC0-301F-11D3-BF4B-00C04F79EFBC}") = "WPFStoreUI", "WPFStoreUI\WPFStoreUI.csproj", "{4579F27D-61AB-41CE-B0C6-13E60A5A148D}"
EndProject
Global
	GlobalSection(SolutionConfigurationPlatforms) = preSolution
		Debug|Any CPU = Debug|Any CPU
		Release|Any CPU = Release|Any CPU
	EndGlobalSection
	GlobalSection(ProjectConfigurationPlatforms) = postSolution
		{4579F27D-61AB-41CE-B0C6-13E60A5A148D}.Debug|Any CPU.ActiveCfg = Debug|Any CPU
		{4579F27D-61AB-41CE-B0C6-13E60A5A148D}.Debug|Any CPU.Build.0 = Debug|Any CPU
		{4579F27D-61AB-41CE-B0C6-13E60A5A148D}.Release|Any CPU.ActiveCfg = Release|Any CPU
		{4579F27D-61AB-41CE-B0C6-13E60A5A148D}.Release|Any CPU.Build.0 = Release|Any CPU
	EndGlobalSection
	GlobalSection(SolutionProperties) = preSolution
		HideSolutionNode = FALSE
	EndGlobalSection
	GlobalSection(ExtensibilityGlobals) = postSolution
		SolutionGuid = {4DCE7DBF-D3E5-4A5A-9CC8-D48ECBA5A34A}
	EndGlobalSection
EndGlobal
